
Microsoft Visual Studio Solution File, Format Version 12.00
# Visual Studio Version 17
VisualStudioVersion = 17.10.35027.167
MinimumVisualStudioVersion = 10.0.40219.1
Project("{FAE04EC0-301F-11D3-BF4B-00C04F79EFBC}") = "WebApplication1", "WebApplication1\WebApplication1.csproj", "{FDD9D79C-FA24-4307-983D-C605C700A518}"
EndProject
Global
	GlobalSection(SolutionConfigurationPlatforms) = preSolution
		Debug|Any CPU = Debug|Any CPU
		Release|Any CPU = Release|Any CPU
	EndGlobalSection
	GlobalSection(ProjectConfigurationPlatforms) = postSolution
		{FDD9D79C-FA24-4307-983D-C605C700A518}.Debug|Any CPU.ActiveCfg = Debug|Any CPU
		{FDD9D79C-FA24-4307-983D-C605C700A518}.Debug|Any CPU.Build.0 = Debug|Any CPU
		{FDD9D79C-FA24-4307-983D-C605C700A518}.Release|Any CPU.ActiveCfg = Release|Any CPU
		{FDD9D79C-FA24-4307-983D-C605C700A518}.Release|Any CPU.Build.0 = Release|Any CPU
	EndGlobalSection
	GlobalSection(SolutionProperties) = preSolution
		HideSolutionNode = FALSE
	EndGlobalSection
	GlobalSection(ExtensibilityGlobals) = postSolution
		SolutionGuid = {46F61126-802F-41F6-AB3E-F4CB13176F60}
	EndGlobalSection
EndGlobal
